// !$*UTF8*$!
{
	archiveVersion = 1;
	classes = {
	};
	objectVersion = 55;
	objects = {

/* Begin PBXBuildFile section */
		7B6632A627FC246500C60FF9 /* PoaengApp.swift in Sources */ = {isa = PBXBuildFile; fileRef = 7B6632A527FC246500C60FF9 /* PoaengApp.swift */; };
		7B6632A827FC246500C60FF9 /* ContentView.swift in Sources */ = {isa = PBXBuildFile; fileRef = 7B6632A727FC246500C60FF9 /* ContentView.swift */; };
		7B6632AA27FC246700C60FF9 /* Assets.xcassets in Resources */ = {isa = PBXBuildFile; fileRef = 7B6632A927FC246700C60FF9 /* Assets.xcassets */; };
		7B6632AD27FC246700C60FF9 /* Preview Assets.xcassets in Resources */ = {isa = PBXBuildFile; fileRef = 7B6632AC27FC246700C60FF9 /* Preview Assets.xcassets */; };
		7B6632B727FC246700C60FF9 /* PoaengTests.swift in Sources */ = {isa = PBXBuildFile; fileRef = 7B6632B627FC246700C60FF9 /* PoaengTests.swift */; };
		7B6632C127FC246700C60FF9 /* PoaengUITests.swift in Sources */ = {isa = PBXBuildFile; fileRef = 7B6632C027FC246700C60FF9 /* PoaengUITests.swift */; };
		7B6632C327FC246700C60FF9 /* PoaengUITestsLaunchTests.swift in Sources */ = {isa = PBXBuildFile; fileRef = 7B6632C227FC246700C60FF9 /* PoaengUITestsLaunchTests.swift */; };
		7B6632D627FC99A000C60FF9 /* MainView.swift in Sources */ = {isa = PBXBuildFile; fileRef = 7B6632D527FC99A000C60FF9 /* MainView.swift */; };
		7B6632DA27FD0B3700C60FF9 /* SearchView.swift in Sources */ = {isa = PBXBuildFile; fileRef = 7B6632D927FD0B3700C60FF9 /* SearchView.swift */; };
		7B6632DC27FD0B7B00C60FF9 /* MyPageView.swift in Sources */ = {isa = PBXBuildFile; fileRef = 7B6632DB27FD0B7B00C60FF9 /* MyPageView.swift */; };
		7B6632DE27FD0B9E00C60FF9 /* ReservationView.swift in Sources */ = {isa = PBXBuildFile; fileRef = 7B6632DD27FD0B9E00C60FF9 /* ReservationView.swift */; };
/* End PBXBuildFile section */

/* Begin PBXContainerItemProxy section */
		7B6632B327FC246700C60FF9 /* PBXContainerItemProxy */ = {
			isa = PBXContainerItemProxy;
			containerPortal = 7B66329A27FC246500C60FF9 /* Project object */;
			proxyType = 1;
			remoteGlobalIDString = 7B6632A127FC246500C60FF9;
			remoteInfo = Poaeng;
		};
		7B6632BD27FC246700C60FF9 /* PBXContainerItemProxy */ = {
			isa = PBXContainerItemProxy;
			containerPortal = 7B66329A27FC246500C60FF9 /* Project object */;
			proxyType = 1;
			remoteGlobalIDString = 7B6632A127FC246500C60FF9;
			remoteInfo = Poaeng;
		};
/* End PBXContainerItemProxy section */

/* Begin PBXFileReference section */
		7B6632A227FC246500C60FF9 /* Poaeng.app */ = {isa = PBXFileReference; explicitFileType = wrapper.application; includeInIndex = 0; path = Poaeng.app; sourceTree = BUILT_PRODUCTS_DIR; };
		7B6632A527FC246500C60FF9 /* PoaengApp.swift */ = {isa = PBXFileReference; lastKnownFileType = sourcecode.swift; path = PoaengApp.swift; sourceTree = "<group>"; };
		7B6632A727FC246500C60FF9 /* ContentView.swift */ = {isa = PBXFileReference; lastKnownFileType = sourcecode.swift; path = ContentView.swift; sourceTree = "<group>"; };
		7B6632A927FC246700C60FF9 /* Assets.xcassets */ = {isa = PBXFileReference; lastKnownFileType = folder.assetcatalog; path = Assets.xcassets; sourceTree = "<group>"; };
		7B6632AC27FC246700C60FF9 /* Preview Assets.xcassets */ = {isa = PBXFileReference; lastKnownFileType = folder.assetcatalog; path = "Preview Assets.xcassets"; sourceTree = "<group>"; };
		7B6632B227FC246700C60FF9 /* PoaengTests.xctest */ = {isa = PBXFileReference; explicitFileType = wrapper.cfbundle; includeInIndex = 0; path = PoaengTests.xctest; sourceTree = BUILT_PRODUCTS_DIR; };
		7B6632B627FC246700C60FF9 /* PoaengTests.swift */ = {isa = PBXFileReference; lastKnownFileType = sourcecode.swift; path = PoaengTests.swift; sourceTree = "<group>"; };
		7B6632BC27FC246700C60FF9 /* PoaengUITests.xctest */ = {isa = PBXFileReference; explicitFileType = wrapper.cfbundle; includeInIndex = 0; path = PoaengUITests.xctest; sourceTree = BUILT_PRODUCTS_DIR; };
		7B6632C027FC246700C60FF9 /* PoaengUITests.swift */ = {isa = PBXFileReference; lastKnownFileType = sourcecode.swift; path = PoaengUITests.swift; sourceTree = "<group>"; };
		7B6632C227FC246700C60FF9 /* PoaengUITestsLaunchTests.swift */ = {isa = PBXFileReference; lastKnownFileType = sourcecode.swift; path = PoaengUITestsLaunchTests.swift; sourceTree = "<group>"; };
		7B6632D527FC99A000C60FF9 /* MainView.swift */ = {isa = PBXFileReference; lastKnownFileType = sourcecode.swift; path = MainView.swift; sourceTree = "<group>"; };
		7B6632D927FD0B3700C60FF9 /* SearchView.swift */ = {isa = PBXFileReference; lastKnownFileType = sourcecode.swift; path = SearchView.swift; sourceTree = "<group>"; };
		7B6632DB27FD0B7B00C60FF9 /* MyPageView.swift */ = {isa = PBXFileReference; lastKnownFileType = sourcecode.swift; path = MyPageView.swift; sourceTree = "<group>"; };
		7B6632DD27FD0B9E00C60FF9 /* ReservationView.swift */ = {isa = PBXFileReference; lastKnownFileType = sourcecode.swift; path = ReservationView.swift; sourceTree = "<group>"; };
/* End PBXFileReference section */

/* Begin PBXFrameworksBuildPhase section */
		7B66329F27FC246500C60FF9 /* Frameworks */ = {
			isa = PBXFrameworksBuildPhase;
			buildActionMask = 2147483647;
			files = (
			);
			runOnlyForDeploymentPostprocessing = 0;
		};
		7B6632AF27FC246700C60FF9 /* Frameworks */ = {
			isa = PBXFrameworksBuildPhase;
			buildActionMask = 2147483647;
			files = (
			);
			runOnlyForDeploymentPostprocessing = 0;
		};
		7B6632B927FC246700C60FF9 /* Frameworks */ = {
			isa = PBXFrameworksBuildPhase;
			buildActionMask = 2147483647;
			files = (
			);
			runOnlyForDeploymentPostprocessing = 0;
		};
/* End PBXFrameworksBuildPhase section */

/* Begin PBXGroup section */
		7B66329927FC246500C60FF9 = {
			isa = PBXGroup;
			children = (
				7B6632A427FC246500C60FF9 /* Poaeng */,
				7B6632B527FC246700C60FF9 /* PoaengTests */,
				7B6632BF27FC246700C60FF9 /* PoaengUITests */,
				7B6632A327FC246500C60FF9 /* Products */,
			);
			sourceTree = "<group>";
		};
		7B6632A327FC246500C60FF9 /* Products */ = {
			isa = PBXGroup;
			children = (
				7B6632A227FC246500C60FF9 /* Poaeng.app */,
				7B6632B227FC246700C60FF9 /* PoaengTests.xctest */,
				7B6632BC27FC246700C60FF9 /* PoaengUITests.xctest */,
			);
			name = Products;
			sourceTree = "<group>";
		};
		7B6632A427FC246500C60FF9 /* Poaeng */ = {
			isa = PBXGroup;
			children = (
				7B6632A527FC246500C60FF9 /* PoaengApp.swift */,
				7B6632A727FC246500C60FF9 /* ContentView.swift */,
				7B6632A927FC246700C60FF9 /* Assets.xcassets */,
				7B6632AB27FC246700C60FF9 /* Preview Content */,
				7B6632D527FC99A000C60FF9 /* MainView.swift */,
				7B6632D927FD0B3700C60FF9 /* SearchView.swift */,
				7B6632DB27FD0B7B00C60FF9 /* MyPageView.swift */,
				7B6632DD27FD0B9E00C60FF9 /* ReservationView.swift */,
			);
			path = Poaeng;
			sourceTree = "<group>";
		};
		7B6632AB27FC246700C60FF9 /* Preview Content */ = {
			isa = PBXGroup;
			children = (
				7B6632AC27FC246700C60FF9 /* Preview Assets.xcassets */,
			);
			path = "Preview Content";
			sourceTree = "<group>";
		};
		7B6632B527FC246700C60FF9 /* PoaengTests */ = {
			isa = PBXGroup;
			children = (
				7B6632B627FC246700C60FF9 /* PoaengTests.swift */,
			);
			path = PoaengTests;
			sourceTree = "<group>";
		};
		7B6632BF27FC246700C60FF9 /* PoaengUITests */ = {
			isa = PBXGroup;
			children = (
				7B6632C027FC246700C60FF9 /* PoaengUITests.swift */,
				7B6632C227FC246700C60FF9 /* PoaengUITestsLaunchTests.swift */,
			);
			path = PoaengUITests;
			sourceTree = "<group>";
		};
/* End PBXGroup section */

/* Begin PBXNativeTarget section */
		7B6632A127FC246500C60FF9 /* Poaeng */ = {
			isa = PBXNativeTarget;
			buildConfigurationList = 7B6632C627FC246700C60FF9 /* Build configuration list for PBXNativeTarget "Poaeng" */;
			buildPhases = (
				7B66329E27FC246500C60FF9 /* Sources */,
				7B66329F27FC246500C60FF9 /* Frameworks */,
				7B6632A027FC246500C60FF9 /* Resources */,
			);
			buildRules = (
			);
			dependencies = (
			);
			name = Poaeng;
			productName = Poaeng;
			productReference = 7B6632A227FC246500C60FF9 /* Poaeng.app */;
			productType = "com.apple.product-type.application";
		};
		7B6632B127FC246700C60FF9 /* PoaengTests */ = {
			isa = PBXNativeTarget;
			buildConfigurationList = 7B6632C927FC246700C60FF9 /* Build configuration list for PBXNativeTarget "PoaengTests" */;
			buildPhases = (
				7B6632AE27FC246700C60FF9 /* Sources */,
				7B6632AF27FC246700C60FF9 /* Frameworks */,
				7B6632B027FC246700C60FF9 /* Resources */,
			);
			buildRules = (
			);
			dependencies = (
				7B6632B427FC246700C60FF9 /* PBXTargetDependency */,
			);
			name = PoaengTests;
			productName = PoaengTests;
			productReference = 7B6632B227FC246700C60FF9 /* PoaengTests.xctest */;
			productType = "com.apple.product-type.bundle.unit-test";
		};
		7B6632BB27FC246700C60FF9 /* PoaengUITests */ = {
			isa = PBXNativeTarget;
			buildConfigurationList = 7B6632CC27FC246700C60FF9 /* Build configuration list for PBXNativeTarget "PoaengUITests" */;
			buildPhases = (
				7B6632B827FC246700C60FF9 /* Sources */,
				7B6632B927FC246700C60FF9 /* Frameworks */,
				7B6632BA27FC246700C60FF9 /* Resources */,
			);
			buildRules = (
			);
			dependencies = (
				7B6632BE27FC246700C60FF9 /* PBXTargetDependency */,
			);
			name = PoaengUITests;
			productName = PoaengUITests;
			productReference = 7B6632BC27FC246700C60FF9 /* PoaengUITests.xctest */;
			productType = "com.apple.product-type.bundle.ui-testing";
		};
/* End PBXNativeTarget section */

/* Begin PBXProject section */
		7B66329A27FC246500C60FF9 /* Project object */ = {
			isa = PBXProject;
			attributes = {
				BuildIndependentTargetsInParallel = 1;
				LastSwiftUpdateCheck = 1330;
				LastUpgradeCheck = 1330;
				TargetAttributes = {
					7B6632A127FC246500C60FF9 = {
						CreatedOnToolsVersion = 13.3;
					};
					7B6632B127FC246700C60FF9 = {
						CreatedOnToolsVersion = 13.3;
						TestTargetID = 7B6632A127FC246500C60FF9;
					};
					7B6632BB27FC246700C60FF9 = {
						CreatedOnToolsVersion = 13.3;
						TestTargetID = 7B6632A127FC246500C60FF9;
					};
				};
			};
			buildConfigurationList = 7B66329D27FC246500C60FF9 /* Build configuration list for PBXProject "Poaeng" */;
			compatibilityVersion = "Xcode 13.0";
			developmentRegion = en;
			hasScannedForEncodings = 0;
			knownRegions = (
				en,
				Base,
			);
			mainGroup = 7B66329927FC246500C60FF9;
			productRefGroup = 7B6632A327FC246500C60FF9 /* Products */;
			projectDirPath = "";
			projectRoot = "";
			targets = (
				7B6632A127FC246500C60FF9 /* Poaeng */,
				7B6632B127FC246700C60FF9 /* PoaengTests */,
				7B6632BB27FC246700C60FF9 /* PoaengUITests */,
			);
		};
/* End PBXProject section */

/* Begin PBXResourcesBuildPhase section */
		7B6632A027FC246500C60FF9 /* Resources */ = {
			isa = PBXResourcesBuildPhase;
			buildActionMask = 2147483647;
			files = (
				7B6632AD27FC246700C60FF9 /* Preview Assets.xcassets in Resources */,
				7B6632AA27FC246700C60FF9 /* Assets.xcassets in Resources */,
			);
			runOnlyForDeploymentPostprocessing = 0;
		};
		7B6632B027FC246700C60FF9 /* Resources */ = {
			isa = PBXResourcesBuildPhase;
			buildActionMask = 2147483647;
			files = (
			);
			runOnlyForDeploymentPostprocessing = 0;
		};
		7B6632BA27FC246700C60FF9 /* Resources */ = {
			isa = PBXResourcesBuildPhase;
			buildActionMask = 2147483647;
			files = (
			);
			runOnlyForDeploymentPostprocessing = 0;
		};
/* End PBXResourcesBuildPhase section */

/* Begin PBXSourcesBuildPhase section */
		7B66329E27FC246500C60FF9 /* Sources */ = {
			isa = PBXSourcesBuildPhase;
			buildActionMask = 2147483647;
			files = (
				7B6632DC27FD0B7B00C60FF9 /* MyPageView.swift in Sources */,
				7B6632D627FC99A000C60FF9 /* MainView.swift in Sources */,
				7B6632DE27FD0B9E00C60FF9 /* ReservationView.swift in Sources */,
				7B6632DA27FD0B3700C60FF9 /* SearchView.swift in Sources */,
				7B6632A827FC246500C60FF9 /* ContentView.swift in Sources */,
				7B6632A627FC246500C60FF9 /* PoaengApp.swift in Sources */,
			);
			runOnlyForDeploymentPostprocessing = 0;
		};
		7B6632AE27FC246700C60FF9 /* Sources */ = {
			isa = PBXSourcesBuildPhase;
			buildActionMask = 2147483647;
			files = (
				7B6632B727FC246700C60FF9 /* PoaengTests.swift in Sources */,
			);
			runOnlyForDeploymentPostprocessing = 0;
		};
		7B6632B827FC246700C60FF9 /* Sources */ = {
			isa = PBXSourcesBuildPhase;
			buildActionMask = 2147483647;
			files = (
				7B6632C327FC246700C60FF9 /* PoaengUITestsLaunchTests.swift in Sources */,
				7B6632C127FC246700C60FF9 /* PoaengUITests.swift in Sources */,
			);
			runOnlyForDeploymentPostprocessing = 0;
		};
/* End PBXSourcesBuildPhase section */

/* Begin PBXTargetDependency section */
		7B6632B427FC246700C60FF9 /* PBXTargetDependency */ = {
			isa = PBXTargetDependency;
			target = 7B6632A127FC246500C60FF9 /* Poaeng */;
			targetProxy = 7B6632B327FC246700C60FF9 /* PBXContainerItemProxy */;
		};
		7B6632BE27FC246700C60FF9 /* PBXTargetDependency */ = {
			isa = PBXTargetDependency;
			target = 7B6632A127FC246500C60FF9 /* Poaeng */;
			targetProxy = 7B6632BD27FC246700C60FF9 /* PBXContainerItemProxy */;
		};
/* End PBXTargetDependency section */

/* Begin XCBuildConfiguration section */
		7B6632C427FC246700C60FF9 /* Debug */ = {
			isa = XCBuildConfiguration;
			buildSettings = {
				ALWAYS_SEARCH_USER_PATHS = NO;
				CLANG_ANALYZER_NONNULL = YES;
				CLANG_ANALYZER_NUMBER_OBJECT_CONVERSION = YES_AGGRESSIVE;
				CLANG_CXX_LANGUAGE_STANDARD = "gnu++17";
				CLANG_ENABLE_MODULES = YES;
				CLANG_ENABLE_OBJC_ARC = YES;
				CLANG_ENABLE_OBJC_WEAK = YES;
				CLANG_WARN_BLOCK_CAPTURE_AUTORELEASING = YES;
				CLANG_WARN_BOOL_CONVERSION = YES;
				CLANG_WARN_COMMA = YES;
				CLANG_WARN_CONSTANT_CONVERSION = YES;
				CLANG_WARN_DEPRECATED_OBJC_IMPLEMENTATIONS = YES;
				CLANG_WARN_DIRECT_OBJC_ISA_USAGE = YES_ERROR;
				CLANG_WARN_DOCUMENTATION_COMMENTS = YES;
				CLANG_WARN_EMPTY_BODY = YES;
				CLANG_WARN_ENUM_CONVERSION = YES;
				CLANG_WARN_INFINITE_RECURSION = YES;
				CLANG_WARN_INT_CONVERSION = YES;
				CLANG_WARN_NON_LITERAL_NULL_CONVERSION = YES;
				CLANG_WARN_OBJC_IMPLICIT_RETAIN_SELF = YES;
				CLANG_WARN_OBJC_LITERAL_CONVERSION = YES;
				CLANG_WARN_OBJC_ROOT_CLASS = YES_ERROR;
				CLANG_WARN_QUOTED_INCLUDE_IN_FRAMEWORK_HEADER = YES;
				CLANG_WARN_RANGE_LOOP_ANALYSIS = YES;
				CLANG_WARN_STRICT_PROTOTYPES = YES;
				CLANG_WARN_SUSPICIOUS_MOVE = YES;
				CLANG_WARN_UNGUARDED_AVAILABILITY = YES_AGGRESSIVE;
				CLANG_WARN_UNREACHABLE_CODE = YES;
				CLANG_WARN__DUPLICATE_METHOD_MATCH = YES;
				COPY_PHASE_STRIP = NO;
				DEBUG_INFORMATION_FORMAT = dwarf;
				ENABLE_STRICT_OBJC_MSGSEND = YES;
				ENABLE_TESTABILITY = YES;
				GCC_C_LANGUAGE_STANDARD = gnu11;
				GCC_DYNAMIC_NO_PIC = NO;
				GCC_NO_COMMON_BLOCKS = YES;
				GCC_OPTIMIZATION_LEVEL = 0;
				GCC_PREPROCESSOR_DEFINITIONS = (
					"DEBUG=1",
					"$(inherited)",
				);
				GCC_WARN_64_TO_32_BIT_CONVERSION = YES;
				GCC_WARN_ABOUT_RETURN_TYPE = YES_ERROR;
				GCC_WARN_UNDECLARED_SELECTOR = YES;
				GCC_WARN_UNINITIALIZED_AUTOS = YES_AGGRESSIVE;
				GCC_WARN_UNUSED_FUNCTION = YES;
				GCC_WARN_UNUSED_VARIABLE = YES;
				IPHONEOS_DEPLOYMENT_TARGET = 15.4;
				MTL_ENABLE_DEBUG_INFO = INCLUDE_SOURCE;
				MTL_FAST_MATH = YES;
				ONLY_ACTIVE_ARCH = YES;
				SDKROOT = iphoneos;
				SWIFT_ACTIVE_COMPILATION_CONDITIONS = DEBUG;
				SWIFT_OPTIMIZATION_LEVEL = "-Onone";
			};
			name = Debug;
		};
		7B6632C527FC246700C60FF9 /* Release */ = {
			isa = XCBuildConfiguration;
			buildSettings = {
				ALWAYS_SEARCH_USER_PATHS = NO;
				CLANG_ANALYZER_NONNULL = YES;
				CLANG_ANALYZER_NUMBER_OBJECT_CONVERSION = YES_AGGRESSIVE;
				CLANG_CXX_LANGUAGE_STANDARD = "gnu++17";
				CLANG_ENABLE_MODULES = YES;
				CLANG_ENABLE_OBJC_ARC = YES;
				CLANG_ENABLE_OBJC_WEAK = YES;
				CLANG_WARN_BLOCK_CAPTURE_AUTORELEASING = YES;
				CLANG_WARN_BOOL_CONVERSION = YES;
				CLANG_WARN_COMMA = YES;
				CLANG_WARN_CONSTANT_CONVERSION = YES;
				CLANG_WARN_DEPRECATED_OBJC_IMPLEMENTATIONS = YES;
				CLANG_WARN_DIRECT_OBJC_ISA_USAGE = YES_ERROR;
				CLANG_WARN_DOCUMENTATION_COMMENTS = YES;
				CLANG_WARN_EMPTY_BODY = YES;
				CLANG_WARN_ENUM_CONVERSION = YES;
				CLANG_WARN_INFINITE_RECURSION = YES;
				CLANG_WARN_INT_CONVERSION = YES;
				CLANG_WARN_NON_LITERAL_NULL_CONVERSION = YES;
				CLANG_WARN_OBJC_IMPLICIT_RETAIN_SELF = YES;
				CLANG_WARN_OBJC_LITERAL_CONVERSION = YES;
				CLANG_WARN_OBJC_ROOT_CLASS = YES_ERROR;
				CLANG_WARN_QUOTED_INCLUDE_IN_FRAMEWORK_HEADER = YES;
				CLANG_WARN_RANGE_LOOP_ANALYSIS = YES;
				CLANG_WARN_STRICT_PROTOTYPES = YES;
				CLANG_WARN_SUSPICIOUS_MOVE = YES;
				CLANG_WARN_UNGUARDED_AVAILABILITY = YES_AGGRESSIVE;
				CLANG_WARN_UNREACHABLE_CODE = YES;
				CLANG_WARN__DUPLICATE_METHOD_MATCH = YES;
				COPY_PHASE_STRIP = NO;
				DEBUG_INFORMATION_FORMAT = "dwarf-with-dsym";
				ENABLE_NS_ASSERTIONS = NO;
				ENABLE_STRICT_OBJC_MSGSEND = YES;
				GCC_C_LANGUAGE_STANDARD = gnu11;
				GCC_NO_COMMON_BLOCKS = YES;
				GCC_WARN_64_TO_32_BIT_CONVERSION = YES;
				GCC_WARN_ABOUT_RETURN_TYPE = YES_ERROR;
				GCC_WARN_UNDECLARED_SELECTOR = YES;
				GCC_WARN_UNINITIALIZED_AUTOS = YES_AGGRESSIVE;
				GCC_WARN_UNUSED_FUNCTION = YES;
				GCC_WARN_UNUSED_VARIABLE = YES;
				IPHONEOS_DEPLOYMENT_TARGET = 15.4;
				MTL_ENABLE_DEBUG_INFO = NO;
				MTL_FAST_MATH = YES;
				SDKROOT = iphoneos;
				SWIFT_COMPILATION_MODE = wholemodule;
				SWIFT_OPTIMIZATION_LEVEL = "-O";
				VALIDATE_PRODUCT = YES;
			};
			name = Release;
		};
		7B6632C727FC246700C60FF9 /* Debug */ = {
			isa = XCBuildConfiguration;
			buildSettings = {
				ASSETCATALOG_COMPILER_APPICON_NAME = AppIcon;
				ASSETCATALOG_COMPILER_GLOBAL_ACCENT_COLOR_NAME = AccentColor;
				CODE_SIGN_STYLE = Automatic;
				CURRENT_PROJECT_VERSION = 1;
				DEVELOPMENT_ASSET_PATHS = "\"Poaeng/Preview Content\"";
				ENABLE_PREVIEWS = YES;
				"EXCLUDED_ARCHS[sdk=*]" = arm64;
				GENERATE_INFOPLIST_FILE = YES;
				INFOPLIST_KEY_UIApplicationSceneManifest_Generation = YES;
				INFOPLIST_KEY_UIApplicationSupportsIndirectInputEvents = YES;
				INFOPLIST_KEY_UILaunchScreen_Generation = YES;
				INFOPLIST_KEY_UISupportedInterfaceOrientations_iPad = "UIInterfaceOrientationPortrait UIInterfaceOrientationPortraitUpsideDown UIInterfaceOrientationLandscapeLeft UIInterfaceOrientationLandscapeRight";
				INFOPLIST_KEY_UISupportedInterfaceOrientations_iPhone = "UIInterfaceOrientationPortrait UIInterfaceOrientationLandscapeLeft UIInterfaceOrientationLandscapeRight";
				IPHONEOS_DEPLOYMENT_TARGET = 15.1;
				LD_RUNPATH_SEARCH_PATHS = (
					"$(inherited)",
					"@executable_path/Frameworks",
				);
				MARKETING_VERSION = 1.0;
				PRODUCT_BUNDLE_IDENTIFIER = com.taehwan.Poaeng;
				PRODUCT_NAME = "$(TARGET_NAME)";
				SWIFT_EMIT_LOC_STRINGS = YES;
				SWIFT_VERSION = 5.0;
				TARGETED_DEVICE_FAMILY = "1,2";
			};
			name = Debug;
		};
		7B6632C827FC246700C60FF9 /* Release */ = {
			isa = XCBuildConfiguration;
			buildSettings = {
				ASSETCATALOG_COMPILER_APPICON_NAME = AppIcon;
				ASSETCATALOG_COMPILER_GLOBAL_ACCENT_COLOR_NAME = AccentColor;
				CODE_SIGN_STYLE = Automatic;
				CURRENT_PROJECT_VERSION = 1;
				DEVELOPMENT_ASSET_PATHS = "\"Poaeng/Preview Content\"";
				ENABLE_PREVIEWS = YES;
				"EXCLUDED_ARCHS[sdk=*]" = arm64;
				GENERATE_INFOPLIST_FILE = YES;
				INFOPLIST_KEY_UIApplicationSceneManifest_Generation = YES;
				INFOPLIST_KEY_UIApplicationSupportsIndirectInputEvents = YES;
				INFOPLIST_KEY_UILaunchScreen_Generation = YES;
				INFOPLIST_KEY_UISupportedInterfaceOrientations_iPad = "UIInterfaceOrientationPortrait UIInterfaceOrientationPortraitUpsideDown UIInterfaceOrientationLandscapeLeft UIInterfaceOrientationLandscapeRight";
				INFOPLIST_KEY_UISupportedInterfaceOrientations_iPhone = "UIInterfaceOrientationPortrait UIInterfaceOrientationLandscapeLeft UIInterfaceOrientationLandscapeRight";
				IPHONEOS_DEPLOYMENT_TARGET = 15.1;
				LD_RUNPATH_SEARCH_PATHS = (
					"$(inherited)",
					"@executable_path/Frameworks",
				);
				MARKETING_VERSION = 1.0;
				PRODUCT_BUNDLE_IDENTIFIER = com.taehwan.Poaeng;
				PRODUCT_NAME = "$(TARGET_NAME)";
				SWIFT_EMIT_LOC_STRINGS = YES;
				SWIFT_VERSION = 5.0;
				TARGETED_DEVICE_FAMILY = "1,2";
			};
			name = Release;
		};
		7B6632CA27FC246700C60FF9 /* Debug */ = {
			isa = XCBuildConfiguration;
			buildSettings = {
				ALWAYS_EMBED_SWIFT_STANDARD_LIBRARIES = YES;
				BUNDLE_LOADER = "$(TEST_HOST)";
				CODE_SIGN_STYLE = Automatic;
				CURRENT_PROJECT_VERSION = 1;
				GENERATE_INFOPLIST_FILE = YES;
				IPHONEOS_DEPLOYMENT_TARGET = 15.4;
				MARKETING_VERSION = 1.0;
				PRODUCT_BUNDLE_IDENTIFIER = com.taehwan.PoaengTests;
				PRODUCT_NAME = "$(TARGET_NAME)";
				SWIFT_EMIT_LOC_STRINGS = NO;
				SWIFT_VERSION = 5.0;
				TARGETED_DEVICE_FAMILY = "1,2";
				TEST_HOST = "$(BUILT_PRODUCTS_DIR)/Poaeng.app/Poaeng";
			};
			name = Debug;
		};
		7B6632CB27FC246700C60FF9 /* Release */ = {
			isa = XCBuildConfiguration;
			buildSettings = {
				ALWAYS_EMBED_SWIFT_STANDARD_LIBRARIES = YES;
				BUNDLE_LOADER = "$(TEST_HOST)";
				CODE_SIGN_STYLE = Automatic;
				CURRENT_PROJECT_VERSION = 1;
				GENERATE_INFOPLIST_FILE = YES;
				IPHONEOS_DEPLOYMENT_TARGET = 15.4;
				MARKETING_VERSION = 1.0;
				PRODUCT_BUNDLE_IDENTIFIER = com.taehwan.PoaengTests;
				PRODUCT_NAME = "$(TARGET_NAME)";
				SWIFT_EMIT_LOC_STRINGS = NO;
				SWIFT_VERSION = 5.0;
				TARGETED_DEVICE_FAMILY = "1,2";
				TEST_HOST = "$(BUILT_PRODUCTS_DIR)/Poaeng.app/Poaeng";
			};
			name = Release;
		};
		7B6632CD27FC246700C60FF9 /* Debug */ = {
			isa = XCBuildConfiguration;
			buildSettings = {
				ALWAYS_EMBED_SWIFT_STANDARD_LIBRARIES = YES;
				CODE_SIGN_STYLE = Automatic;
				CURRENT_PROJECT_VERSION = 1;
				GENERATE_INFOPLIST_FILE = YES;
				MARKETING_VERSION = 1.0;
				PRODUCT_BUNDLE_IDENTIFIER = com.taehwan.PoaengUITests;
				PRODUCT_NAME = "$(TARGET_NAME)";
				SWIFT_EMIT_LOC_STRINGS = NO;
				SWIFT_VERSION = 5.0;
				TARGETED_DEVICE_FAMILY = "1,2";
				TEST_TARGET_NAME = Poaeng;
			};
			name = Debug;
		};
		7B6632CE27FC246700C60FF9 /* Release */ = {
			isa = XCBuildConfiguration;
			buildSettings = {
				ALWAYS_EMBED_SWIFT_STANDARD_LIBRARIES = YES;
				CODE_SIGN_STYLE = Automatic;
				CURRENT_PROJECT_VERSION = 1;
				GENERATE_INFOPLIST_FILE = YES;
				MARKETING_VERSION = 1.0;
				PRODUCT_BUNDLE_IDENTIFIER = com.taehwan.PoaengUITests;
				PRODUCT_NAME = "$(TARGET_NAME)";
				SWIFT_EMIT_LOC_STRINGS = NO;
				SWIFT_VERSION = 5.0;
				TARGETED_DEVICE_FAMILY = "1,2";
				TEST_TARGET_NAME = Poaeng;
			};
			name = Release;
		};
/* End XCBuildConfiguration section */

/* Begin XCConfigurationList section */
		7B66329D27FC246500C60FF9 /* Build configuration list for PBXProject "Poaeng" */ = {
			isa = XCConfigurationList;
			buildConfigurations = (
				7B6632C427FC246700C60FF9 /* Debug */,
				7B6632C527FC246700C60FF9 /* Release */,
			);
			defaultConfigurationIsVisible = 0;
			defaultConfigurationName = Release;
		};
		7B6632C627FC246700C60FF9 /* Build configuration list for PBXNativeTarget "Poaeng" */ = {
			isa = XCConfigurationList;
			buildConfigurations = (
				7B6632C727FC246700C60FF9 /* Debug */,
				7B6632C827FC246700C60FF9 /* Release */,
			);
			defaultConfigurationIsVisible = 0;
			defaultConfigurationName = Release;
		};
		7B6632C927FC246700C60FF9 /* Build configuration list for PBXNativeTarget "PoaengTests" */ = {
			isa = XCConfigurationList;
			buildConfigurations = (
				7B6632CA27FC246700C60FF9 /* Debug */,
				7B6632CB27FC246700C60FF9 /* Release */,
			);
			defaultConfigurationIsVisible = 0;
			defaultConfigurationName = Release;
		};
		7B6632CC27FC246700C60FF9 /* Build configuration list for PBXNativeTarget "PoaengUITests" */ = {
			isa = XCConfigurationList;
			buildConfigurations = (
				7B6632CD27FC246700C60FF9 /* Debug */,
				7B6632CE27FC246700C60FF9 /* Release */,
			);
			defaultConfigurationIsVisible = 0;
			defaultConfigurationName = Release;
		};
/* End XCConfigurationList section */
	};
	rootObject = 7B66329A27FC246500C60FF9 /* Project object */;
}
